<?xml version="1.0" encoding="utf-8"?>
<Project ToolsVersion="18.0" xmlns="http://schemas.microsoft.com/developer/msbuild/2003">
  <ItemGroup>
    <ClCompile Include="D:\ElecScreenRcorder\native\src\main.cpp">
      <Filter>Source Files</Filter>
    </ClCompile>
    <ClCompile Include="D:\ElecScreenRcorder\native\src\protocol.cpp">
      <Filter>Source Files</Filter>
    </ClCompile>
    <ClCompile Include="D:\ElecScreenRcorder\native\src\utils.cpp">
      <Filter>Source Files</Filter>
    </ClCompile>
    <ClCompile Include="D:\ElecScreenRcorder\native\src\input_capture.cpp">
      <Filter>Source Files</Filter>
    </ClCompile>
    <ClCompile Include="D:\ElecScreenRcorder\native\src\csv_writer.cpp">
      <Filter>Source Files</Filter>
    </ClCompile>
    <ClCompile Include="D:\ElecScreenRcorder\native\src\recorder.cpp">
      <Filter>Source Files</Filter>
    </ClCompile>
    <ClCompile Include="D:\ElecScreenRcorder\native\src\system_info.cpp">
      <Filter>Source Files</Filter>
    </ClCompile>
    <ClCompile Include="D:\ElecScreenRcorder\native\src\audio_device.cpp">
      <Filter>Source Files</Filter>
    </ClCompile>
  </ItemGroup>
  <ItemGroup>
    <ClInclude Include="D:\ElecScreenRcorder\native\src\protocol.h">
      <Filter>Header Files</Filter>
    </ClInclude>
    <ClInclude Include="D:\ElecScreenRcorder\native\src\utils.h">
      <Filter>Header Files</Filter>
    </ClInclude>
    <ClInclude Include="D:\ElecScreenRcorder\native\src\input_capture.h">
      <Filter>Header Files</Filter>
    </ClInclude>
    <ClInclude Include="D:\ElecScreenRcorder\native\src\csv_writer.h">
      <Filter>Header Files</Filter>
    </ClInclude>
    <ClInclude Include="D:\ElecScreenRcorder\native\src\recorder.h">
      <Filter>Header Files</Filter>
    </ClInclude>
    <ClInclude Include="D:\ElecScreenRcorder\native\src\system_info.h">
      <Filter>Header Files</Filter>
    </ClInclude>
  </ItemGroup>
  <ItemGroup>
    <CustomBuild Include="D:\ElecScreenRcorder\native\CMakeLists.txt" />
  </ItemGroup>
  <ItemGroup>
    <Filter Include="Header Files">
      <UniqueIdentifier>{5BAB9A80-78F4-3435-ADF8-BC3A1F0F249F}</UniqueIdentifier>
    </Filter>
    <Filter Include="Source Files">
      <UniqueIdentifier>{A3C1E016-EB04-3D10-BF83-D56FE8C24766}</UniqueIdentifier>
    </Filter>
  </ItemGroup>
</Project>
